
Microsoft Visual Studio Solution File, Format Version 12.00
# Visual Studio 2013
VisualStudioVersion = 12.0.31101.0
MinimumVisualStudioVersion = 10.0.40219.1
Project("{FAE04EC0-301F-11D3-BF4B-00C04F79EFBC}") = "AE.WebUI", "AE.WebUI\AE.WebUI.csproj", "{F7E5502E-114B-4ECF-AD52-5E6E7AD621C6}"
EndProject
Project("{2150E333-8FDC-42A3-9474-1A3956D46DE8}") = ".nuget", ".nuget", "{79846D57-2091-42E8-85D6-49A21C77EDCA}"
	ProjectSection(SolutionItems) = preProject
		.nuget\NuGet.Config = .nuget\NuGet.Config
		.nuget\NuGet.exe = .nuget\NuGet.exe
		.nuget\NuGet.targets = .nuget\NuGet.targets
	EndProjectSection
EndProject
Project("{FAE04EC0-301F-11D3-BF4B-00C04F79EFBC}") = "AE.News", "AE.News\AE.News.csproj", "{4268C76C-F8FC-46AF-8B0B-CA7C26294020}"
EndProject
Project("{FAE04EC0-301F-11D3-BF4B-00C04F79EFBC}") = "AE.Test", "AE.Test\AE.Test.csproj", "{9C243DE2-3562-4DA8-91CF-3C8A4EC634B0}"
	ProjectSection(ProjectDependencies) = postProject
		{F7E5502E-114B-4ECF-AD52-5E6E7AD621C6} = {F7E5502E-114B-4ECF-AD52-5E6E7AD621C6}
		{4268C76C-F8FC-46AF-8B0B-CA7C26294020} = {4268C76C-F8FC-46AF-8B0B-CA7C26294020}
	EndProjectSection
EndProject
Project("{FAE04EC0-301F-11D3-BF4B-00C04F79EFBC}") = "AE.Mpg", "AE.Mpg\AE.Mpg.csproj", "{4C20CB8D-2FEA-4FD3-88F4-980AA690FF0F}"
EndProject
Project("{FAE04EC0-301F-11D3-BF4B-00C04F79EFBC}") = "AE.Users", "AE.Users\AE.Users.csproj", "{EC97634A-8F7F-4F7B-ABE9-F22644311B72}"
EndProject
Project("{FAE04EC0-301F-11D3-BF4B-00C04F79EFBC}") = "AE.Insomnia", "AE.Insomnia\AE.Insomnia.csproj", "{26DE420C-D3E7-4B68-A9E4-04BCDB0AFB49}"
EndProject
Project("{FAE04EC0-301F-11D3-BF4B-00C04F79EFBC}") = "AE.Snipplets", "AE.Snipplets\AE.Snipplets.csproj", "{5C46D542-FBED-4488-9A5F-0AFEDEBE26C9}"
EndProject
Project("{FAE04EC0-301F-11D3-BF4B-00C04F79EFBC}") = "AE.EF", "AE.EF\AE.EF.csproj", "{C71BE6D2-A76D-4A59-B75C-A8F52FDEFAC1}"
EndProject
Project("{FAE04EC0-301F-11D3-BF4B-00C04F79EFBC}") = "AE.Reddit", "AE.Reddit\AE.Reddit.csproj", "{C050ADC5-56C7-4B82-A279-558D0880CBF7}"
EndProject
Project("{FAE04EC0-301F-11D3-BF4B-00C04F79EFBC}") = "AE.Imgur", "AE.Imgur\AE.Imgur.csproj", "{89E4061F-68AC-41E9-A987-38A783046097}"
EndProject
Project("{FAE04EC0-301F-11D3-BF4B-00C04F79EFBC}") = "AE.Funny", "AE.Funny\AE.Funny.csproj", "{149C2075-7F68-4993-BA6C-1AAF45A67453}"
EndProject
Global
	GlobalSection(SolutionConfigurationPlatforms) = preSolution
		Debug|Any CPU = Debug|Any CPU
		Debug|ARM = Debug|ARM
		Debug|x64 = Debug|x64
		Debug|x86 = Debug|x86
		Release|Any CPU = Release|Any CPU
		Release|ARM = Release|ARM
		Release|x64 = Release|x64
		Release|x86 = Release|x86
	EndGlobalSection
	GlobalSection(ProjectConfigurationPlatforms) = postSolution
		{F7E5502E-114B-4ECF-AD52-5E6E7AD621C6}.Debug|Any CPU.ActiveCfg = Debug|Any CPU
		{F7E5502E-114B-4ECF-AD52-5E6E7AD621C6}.Debug|Any CPU.Build.0 = Debug|Any CPU
		{F7E5502E-114B-4ECF-AD52-5E6E7AD621C6}.Debug|Any CPU.Deploy.0 = Debug|Any CPU
		{F7E5502E-114B-4ECF-AD52-5E6E7AD621C6}.Debug|ARM.ActiveCfg = Debug|Any CPU
		{F7E5502E-114B-4ECF-AD52-5E6E7AD621C6}.Debug|x64.ActiveCfg = Debug|Any CPU
		{F7E5502E-114B-4ECF-AD52-5E6E7AD621C6}.Debug|x86.ActiveCfg = Debug|Any CPU
		{F7E5502E-114B-4ECF-AD52-5E6E7AD621C6}.Release|Any CPU.ActiveCfg = Release|Any CPU
		{F7E5502E-114B-4ECF-AD52-5E6E7AD621C6}.Release|Any CPU.Build.0 = Release|Any CPU
		{F7E5502E-114B-4ECF-AD52-5E6E7AD621C6}.Release|ARM.ActiveCfg = Release|Any CPU
		{F7E5502E-114B-4ECF-AD52-5E6E7AD621C6}.Release|x64.ActiveCfg = Release|Any CPU
		{F7E5502E-114B-4ECF-AD52-5E6E7AD621C6}.Release|x86.ActiveCfg = Release|Any CPU
		{4268C76C-F8FC-46AF-8B0B-CA7C26294020}.Debug|Any CPU.ActiveCfg = Debug|Any CPU
		{4268C76C-F8FC-46AF-8B0B-CA7C26294020}.Debug|Any CPU.Build.0 = Debug|Any CPU
		{4268C76C-F8FC-46AF-8B0B-CA7C26294020}.Debug|ARM.ActiveCfg = Debug|Any CPU
		{4268C76C-F8FC-46AF-8B0B-CA7C26294020}.Debug|x64.ActiveCfg = Debug|Any CPU
		{4268C76C-F8FC-46AF-8B0B-CA7C26294020}.Debug|x86.ActiveCfg = Debug|Any CPU
		{4268C76C-F8FC-46AF-8B0B-CA7C26294020}.Release|Any CPU.ActiveCfg = Release|Any CPU
		{4268C76C-F8FC-46AF-8B0B-CA7C26294020}.Release|Any CPU.Build.0 = Release|Any CPU
		{4268C76C-F8FC-46AF-8B0B-CA7C26294020}.Release|ARM.ActiveCfg = Release|Any CPU
		{4268C76C-F8FC-46AF-8B0B-CA7C26294020}.Release|x64.ActiveCfg = Release|Any CPU
		{4268C76C-F8FC-46AF-8B0B-CA7C26294020}.Release|x86.ActiveCfg = Release|Any CPU
		{9C243DE2-3562-4DA8-91CF-3C8A4EC634B0}.Debug|Any CPU.ActiveCfg = Debug|Any CPU
		{9C243DE2-3562-4DA8-91CF-3C8A4EC634B0}.Debug|Any CPU.Build.0 = Debug|Any CPU
		{9C243DE2-3562-4DA8-91CF-3C8A4EC634B0}.Debug|ARM.ActiveCfg = Debug|Any CPU
		{9C243DE2-3562-4DA8-91CF-3C8A4EC634B0}.Debug|x64.ActiveCfg = Debug|Any CPU
		{9C243DE2-3562-4DA8-91CF-3C8A4EC634B0}.Debug|x86.ActiveCfg = Debug|Any CPU
		{9C243DE2-3562-4DA8-91CF-3C8A4EC634B0}.Release|Any CPU.ActiveCfg = Release|Any CPU
		{9C243DE2-3562-4DA8-91CF-3C8A4EC634B0}.Release|Any CPU.Build.0 = Release|Any CPU
		{9C243DE2-3562-4DA8-91CF-3C8A4EC634B0}.Release|ARM.ActiveCfg = Release|Any CPU
		{9C243DE2-3562-4DA8-91CF-3C8A4EC634B0}.Release|x64.ActiveCfg = Release|Any CPU
		{9C243DE2-3562-4DA8-91CF-3C8A4EC634B0}.Release|x86.ActiveCfg = Release|Any CPU
		{4C20CB8D-2FEA-4FD3-88F4-980AA690FF0F}.Debug|Any CPU.ActiveCfg = Debug|Any CPU
		{4C20CB8D-2FEA-4FD3-88F4-980AA690FF0F}.Debug|Any CPU.Build.0 = Debug|Any CPU
		{4C20CB8D-2FEA-4FD3-88F4-980AA690FF0F}.Debug|ARM.ActiveCfg = Debug|Any CPU
		{4C20CB8D-2FEA-4FD3-88F4-980AA690FF0F}.Debug|x64.ActiveCfg = Debug|Any CPU
		{4C20CB8D-2FEA-4FD3-88F4-980AA690FF0F}.Debug|x86.ActiveCfg = Debug|Any CPU
		{4C20CB8D-2FEA-4FD3-88F4-980AA690FF0F}.Release|Any CPU.ActiveCfg = Release|Any CPU
		{4C20CB8D-2FEA-4FD3-88F4-980AA690FF0F}.Release|Any CPU.Build.0 = Release|Any CPU
		{4C20CB8D-2FEA-4FD3-88F4-980AA690FF0F}.Release|ARM.ActiveCfg = Release|Any CPU
		{4C20CB8D-2FEA-4FD3-88F4-980AA690FF0F}.Release|x64.ActiveCfg = Release|Any CPU
		{4C20CB8D-2FEA-4FD3-88F4-980AA690FF0F}.Release|x86.ActiveCfg = Release|Any CPU
		{EC97634A-8F7F-4F7B-ABE9-F22644311B72}.Debug|Any CPU.ActiveCfg = Debug|Any CPU
		{EC97634A-8F7F-4F7B-ABE9-F22644311B72}.Debug|Any CPU.Build.0 = Debug|Any CPU
		{EC97634A-8F7F-4F7B-ABE9-F22644311B72}.Debug|ARM.ActiveCfg = Debug|Any CPU
		{EC97634A-8F7F-4F7B-ABE9-F22644311B72}.Debug|x64.ActiveCfg = Debug|Any CPU
		{EC97634A-8F7F-4F7B-ABE9-F22644311B72}.Debug|x86.ActiveCfg = Debug|Any CPU
		{EC97634A-8F7F-4F7B-ABE9-F22644311B72}.Release|Any CPU.ActiveCfg = Release|Any CPU
		{EC97634A-8F7F-4F7B-ABE9-F22644311B72}.Release|Any CPU.Build.0 = Release|Any CPU
		{EC97634A-8F7F-4F7B-ABE9-F22644311B72}.Release|ARM.ActiveCfg = Release|Any CPU
		{EC97634A-8F7F-4F7B-ABE9-F22644311B72}.Release|x64.ActiveCfg = Release|Any CPU
		{EC97634A-8F7F-4F7B-ABE9-F22644311B72}.Release|x86.ActiveCfg = Release|Any CPU
		{26DE420C-D3E7-4B68-A9E4-04BCDB0AFB49}.Debug|Any CPU.ActiveCfg = Debug|Any CPU
		{26DE420C-D3E7-4B68-A9E4-04BCDB0AFB49}.Debug|Any CPU.Build.0 = Debug|Any CPU
		{26DE420C-D3E7-4B68-A9E4-04BCDB0AFB49}.Debug|ARM.ActiveCfg = Debug|Any CPU
		{26DE420C-D3E7-4B68-A9E4-04BCDB0AFB49}.Debug|x64.ActiveCfg = Debug|Any CPU
		{26DE420C-D3E7-4B68-A9E4-04BCDB0AFB49}.Debug|x86.ActiveCfg = Debug|Any CPU
		{26DE420C-D3E7-4B68-A9E4-04BCDB0AFB49}.Release|Any CPU.ActiveCfg = Release|Any CPU
		{26DE420C-D3E7-4B68-A9E4-04BCDB0AFB49}.Release|Any CPU.Build.0 = Release|Any CPU
		{26DE420C-D3E7-4B68-A9E4-04BCDB0AFB49}.Release|ARM.ActiveCfg = Release|Any CPU
		{26DE420C-D3E7-4B68-A9E4-04BCDB0AFB49}.Release|x64.ActiveCfg = Release|Any CPU
		{26DE420C-D3E7-4B68-A9E4-04BCDB0AFB49}.Release|x86.ActiveCfg = Release|Any CPU
		{5C46D542-FBED-4488-9A5F-0AFEDEBE26C9}.Debug|Any CPU.ActiveCfg = Debug|Any CPU
		{5C46D542-FBED-4488-9A5F-0AFEDEBE26C9}.Debug|Any CPU.Build.0 = Debug|Any CPU
		{5C46D542-FBED-4488-9A5F-0AFEDEBE26C9}.Debug|ARM.ActiveCfg = Debug|Any CPU
		{5C46D542-FBED-4488-9A5F-0AFEDEBE26C9}.Debug|x64.ActiveCfg = Debug|Any CPU
		{5C46D542-FBED-4488-9A5F-0AFEDEBE26C9}.Debug|x86.ActiveCfg = Debug|Any CPU
		{5C46D542-FBED-4488-9A5F-0AFEDEBE26C9}.Release|Any CPU.ActiveCfg = Release|Any CPU
		{5C46D542-FBED-4488-9A5F-0AFEDEBE26C9}.Release|Any CPU.Build.0 = Release|Any CPU
		{5C46D542-FBED-4488-9A5F-0AFEDEBE26C9}.Release|ARM.ActiveCfg = Release|Any CPU
		{5C46D542-FBED-4488-9A5F-0AFEDEBE26C9}.Release|x64.ActiveCfg = Release|Any CPU
		{5C46D542-FBED-4488-9A5F-0AFEDEBE26C9}.Release|x86.ActiveCfg = Release|Any CPU
		{C71BE6D2-A76D-4A59-B75C-A8F52FDEFAC1}.Debug|Any CPU.ActiveCfg = Debug|Any CPU
		{C71BE6D2-A76D-4A59-B75C-A8F52FDEFAC1}.Debug|Any CPU.Build.0 = Debug|Any CPU
		{C71BE6D2-A76D-4A59-B75C-A8F52FDEFAC1}.Debug|ARM.ActiveCfg = Debug|Any CPU
		{C71BE6D2-A76D-4A59-B75C-A8F52FDEFAC1}.Debug|x64.ActiveCfg = Debug|Any CPU
		{C71BE6D2-A76D-4A59-B75C-A8F52FDEFAC1}.Debug|x86.ActiveCfg = Debug|Any CPU
		{C71BE6D2-A76D-4A59-B75C-A8F52FDEFAC1}.Release|Any CPU.ActiveCfg = Release|Any CPU
		{C71BE6D2-A76D-4A59-B75C-A8F52FDEFAC1}.Release|Any CPU.Build.0 = Release|Any CPU
		{C71BE6D2-A76D-4A59-B75C-A8F52FDEFAC1}.Release|ARM.ActiveCfg = Release|Any CPU
		{C71BE6D2-A76D-4A59-B75C-A8F52FDEFAC1}.Release|x64.ActiveCfg = Release|Any CPU
		{C71BE6D2-A76D-4A59-B75C-A8F52FDEFAC1}.Release|x86.ActiveCfg = Release|Any CPU
		{C050ADC5-56C7-4B82-A279-558D0880CBF7}.Debug|Any CPU.ActiveCfg = Debug|Any CPU
		{C050ADC5-56C7-4B82-A279-558D0880CBF7}.Debug|Any CPU.Build.0 = Debug|Any CPU
		{C050ADC5-56C7-4B82-A279-558D0880CBF7}.Debug|ARM.ActiveCfg = Debug|Any CPU
		{C050ADC5-56C7-4B82-A279-558D0880CBF7}.Debug|x64.ActiveCfg = Debug|Any CPU
		{C050ADC5-56C7-4B82-A279-558D0880CBF7}.Debug|x86.ActiveCfg = Debug|Any CPU
		{C050ADC5-56C7-4B82-A279-558D0880CBF7}.Release|Any CPU.ActiveCfg = Release|Any CPU
		{C050ADC5-56C7-4B82-A279-558D0880CBF7}.Release|Any CPU.Build.0 = Release|Any CPU
		{C050ADC5-56C7-4B82-A279-558D0880CBF7}.Release|ARM.ActiveCfg = Release|Any CPU
		{C050ADC5-56C7-4B82-A279-558D0880CBF7}.Release|x64.ActiveCfg = Release|Any CPU
		{C050ADC5-56C7-4B82-A279-558D0880CBF7}.Release|x86.ActiveCfg = Release|Any CPU
		{89E4061F-68AC-41E9-A987-38A783046097}.Debug|Any CPU.ActiveCfg = Debug|Any CPU
		{89E4061F-68AC-41E9-A987-38A783046097}.Debug|Any CPU.Build.0 = Debug|Any CPU
		{89E4061F-68AC-41E9-A987-38A783046097}.Debug|ARM.ActiveCfg = Debug|Any CPU
		{89E4061F-68AC-41E9-A987-38A783046097}.Debug|x64.ActiveCfg = Debug|Any CPU
		{89E4061F-68AC-41E9-A987-38A783046097}.Debug|x86.ActiveCfg = Debug|Any CPU
		{89E4061F-68AC-41E9-A987-38A783046097}.Release|Any CPU.ActiveCfg = Release|Any CPU
		{89E4061F-68AC-41E9-A987-38A783046097}.Release|Any CPU.Build.0 = Release|Any CPU
		{89E4061F-68AC-41E9-A987-38A783046097}.Release|ARM.ActiveCfg = Release|Any CPU
		{89E4061F-68AC-41E9-A987-38A783046097}.Release|x64.ActiveCfg = Release|Any CPU
		{89E4061F-68AC-41E9-A987-38A783046097}.Release|x86.ActiveCfg = Release|Any CPU
		{149C2075-7F68-4993-BA6C-1AAF45A67453}.Debug|Any CPU.ActiveCfg = Debug|Any CPU
		{149C2075-7F68-4993-BA6C-1AAF45A67453}.Debug|Any CPU.Build.0 = Debug|Any CPU
		{149C2075-7F68-4993-BA6C-1AAF45A67453}.Debug|ARM.ActiveCfg = Debug|Any CPU
		{149C2075-7F68-4993-BA6C-1AAF45A67453}.Debug|x64.ActiveCfg = Debug|Any CPU
		{149C2075-7F68-4993-BA6C-1AAF45A67453}.Debug|x86.ActiveCfg = Debug|Any CPU
		{149C2075-7F68-4993-BA6C-1AAF45A67453}.Release|Any CPU.ActiveCfg = Release|Any CPU
		{149C2075-7F68-4993-BA6C-1AAF45A67453}.Release|Any CPU.Build.0 = Release|Any CPU
		{149C2075-7F68-4993-BA6C-1AAF45A67453}.Release|ARM.ActiveCfg = Release|Any CPU
		{149C2075-7F68-4993-BA6C-1AAF45A67453}.Release|x64.ActiveCfg = Release|Any CPU
		{149C2075-7F68-4993-BA6C-1AAF45A67453}.Release|x86.ActiveCfg = Release|Any CPU
	EndGlobalSection
	GlobalSection(SolutionProperties) = preSolution
		HideSolutionNode = FALSE
	EndGlobalSection
EndGlobal
